// !$*UTF8*$!
{
	archiveVersion = 1;
	classes = {
	};
	objectVersion = 46;
	objects = {

/* Begin PBXBuildFile section */
		1D139A4B1D45118B0006AB2E /* AppDelegate.swift in Sources */ = {isa = PBXBuildFile; fileRef = 1D139A4A1D45118B0006AB2E /* AppDelegate.swift */; };
		1D139A4D1D45118B0006AB2E /* ViewController.swift in Sources */ = {isa = PBXBuildFile; fileRef = 1D139A4C1D45118B0006AB2E /* ViewController.swift */; };
		1D139A501D45118B0006AB2E /* Main.storyboard in Resources */ = {isa = PBXBuildFile; fileRef = 1D139A4E1D45118B0006AB2E /* Main.storyboard */; };
		1D139A531D45118B0006AB2E /* Favorite_Movies.xcdatamodeld in Sources */ = {isa = PBXBuildFile; fileRef = 1D139A511D45118B0006AB2E /* Favorite_Movies.xcdatamodeld */; };
		1D139A551D45118B0006AB2E /* Assets.xcassets in Resources */ = {isa = PBXBuildFile; fileRef = 1D139A541D45118B0006AB2E /* Assets.xcassets */; };
		1D139A581D45118B0006AB2E /* LaunchScreen.storyboard in Resources */ = {isa = PBXBuildFile; fileRef = 1D139A561D45118B0006AB2E /* LaunchScreen.storyboard */; };
		1D139A651D45131B0006AB2E /* Movie.swift in Sources */ = {isa = PBXBuildFile; fileRef = 1D139A631D45131B0006AB2E /* Movie.swift */; };
		1D139A671D45135C0006AB2E /* myMovieCell.swift in Sources */ = {isa = PBXBuildFile; fileRef = 1D139A661D45135C0006AB2E /* myMovieCell.swift */; };
		1D139A6B1D4514A00006AB2E /* Movie+CoreDataProperties.swift in Sources */ = {isa = PBXBuildFile; fileRef = 1D139A6A1D4514A00006AB2E /* Movie+CoreDataProperties.swift */; };
		1D34AFC71D47DB5500153B40 /* AddMovieVC.swift in Sources */ = {isa = PBXBuildFile; fileRef = 1D34AFC61D47DB5500153B40 /* AddMovieVC.swift */; };
		1D59AC771D4E804300AD1CEB /* MyWebVC.swift in Sources */ = {isa = PBXBuildFile; fileRef = 1D59AC761D4E804300AD1CEB /* MyWebVC.swift */; };
		1D62197F1D56181C0022A2BA /* MyMovieIV.swift in Sources */ = {isa = PBXBuildFile; fileRef = 1D62197E1D56181C0022A2BA /* MyMovieIV.swift */; };
		1DB273B01D47AC55006A1E6C /* DetailedMovieDescVC.swift in Sources */ = {isa = PBXBuildFile; fileRef = 1DB273AF1D47AC55006A1E6C /* DetailedMovieDescVC.swift */; };
		1DC1F8EB1D4561EC0061FAE8 /* GreyButton.swift in Sources */ = {isa = PBXBuildFile; fileRef = 1DC1F8EA1D4561EC0061FAE8 /* GreyButton.swift */; };
		1DEB154E1D58F7A900C9C025 /* MovieTextField.swift in Sources */ = {isa = PBXBuildFile; fileRef = 1DEB154D1D58F7A900C9C025 /* MovieTextField.swift */; };
/* End PBXBuildFile section */

/* Begin PBXFileReference section */
		1D139A471D45118B0006AB2E /* Favorite Movies.app */ = {isa = PBXFileReference; explicitFileType = wrapper.application; includeInIndex = 0; path = "Favorite Movies.app"; sourceTree = BUILT_PRODUCTS_DIR; };
		1D139A4A1D45118B0006AB2E /* AppDelegate.swift */ = {isa = PBXFileReference; lastKnownFileType = sourcecode.swift; path = AppDelegate.swift; sourceTree = "<group>"; };
		1D139A4C1D45118B0006AB2E /* ViewController.swift */ = {isa = PBXFileReference; lastKnownFileType = sourcecode.swift; path = ViewController.swift; sourceTree = "<group>"; };
		1D139A4F1D45118B0006AB2E /* Base */ = {isa = PBXFileReference; lastKnownFileType = file.storyboard; name = Base; path = Base.lproj/Main.storyboard; sourceTree = "<group>"; };
		1D139A521D45118B0006AB2E /* Favorite_Movies.xcdatamodel */ = {isa = PBXFileReference; lastKnownFileType = wrapper.xcdatamodel; path = Favorite_Movies.xcdatamodel; sourceTree = "<group>"; };
		1D139A541D45118B0006AB2E /* Assets.xcassets */ = {isa = PBXFileReference; lastKnownFileType = folder.assetcatalog; path = Assets.xcassets; sourceTree = "<group>"; };
		1D139A571D45118B0006AB2E /* Base */ = {isa = PBXFileReference; lastKnownFileType = file.storyboard; name = Base; path = Base.lproj/LaunchScreen.storyboard; sourceTree = "<group>"; };
		1D139A591D45118B0006AB2E /* Info.plist */ = {isa = PBXFileReference; lastKnownFileType = text.plist.xml; path = Info.plist; sourceTree = "<group>"; };
		1D139A631D45131B0006AB2E /* Movie.swift */ = {isa = PBXFileReference; fileEncoding = 4; lastKnownFileType = sourcecode.swift; name = Movie.swift; path = ../Movie.swift; sourceTree = "<group>"; };
		1D139A661D45135C0006AB2E /* myMovieCell.swift */ = {isa = PBXFileReference; fileEncoding = 4; lastKnownFileType = sourcecode.swift; path = myMovieCell.swift; sourceTree = "<group>"; };
		1D139A6A1D4514A00006AB2E /* Movie+CoreDataProperties.swift */ = {isa = PBXFileReference; fileEncoding = 4; lastKnownFileType = sourcecode.swift; name = "Movie+CoreDataProperties.swift"; path = "../Movie+CoreDataProperties.swift"; sourceTree = "<group>"; };
		1D34AFC61D47DB5500153B40 /* AddMovieVC.swift */ = {isa = PBXFileReference; fileEncoding = 4; lastKnownFileType = sourcecode.swift; path = AddMovieVC.swift; sourceTree = "<group>"; };
		1D59AC761D4E804300AD1CEB /* MyWebVC.swift */ = {isa = PBXFileReference; fileEncoding = 4; lastKnownFileType = sourcecode.swift; path = MyWebVC.swift; sourceTree = "<group>"; };
		1D62197E1D56181C0022A2BA /* MyMovieIV.swift */ = {isa = PBXFileReference; fileEncoding = 4; lastKnownFileType = sourcecode.swift; path = MyMovieIV.swift; sourceTree = "<group>"; };
		1DB273AF1D47AC55006A1E6C /* DetailedMovieDescVC.swift */ = {isa = PBXFileReference; fileEncoding = 4; lastKnownFileType = sourcecode.swift; path = DetailedMovieDescVC.swift; sourceTree = "<group>"; };
		1DC1F8EA1D4561EC0061FAE8 /* GreyButton.swift */ = {isa = PBXFileReference; fileEncoding = 4; lastKnownFileType = sourcecode.swift; path = GreyButton.swift; sourceTree = "<group>"; };
		1DEB154D1D58F7A900C9C025 /* MovieTextField.swift */ = {isa = PBXFileReference; fileEncoding = 4; lastKnownFileType = sourcecode.swift; path = MovieTextField.swift; sourceTree = "<group>"; };
/* End PBXFileReference section */

/* Begin PBXFrameworksBuildPhase section */
		1D139A441D45118B0006AB2E /* Frameworks */ = {
			isa = PBXFrameworksBuildPhase;
			buildActionMask = 2147483647;
			files = (
			);
			runOnlyForDeploymentPostprocessing = 0;
		};
/* End PBXFrameworksBuildPhase section */

/* Begin PBXGroup section */
		1D139A3E1D45118B0006AB2E = {
			isa = PBXGroup;
			children = (
				1D139A491D45118B0006AB2E /* Favorite Movies */,
				1D139A481D45118B0006AB2E /* Products */,
			);
			sourceTree = "<group>";
		};
		1D139A481D45118B0006AB2E /* Products */ = {
			isa = PBXGroup;
			children = (
				1D139A471D45118B0006AB2E /* Favorite Movies.app */,
			);
			name = Products;
			sourceTree = "<group>";
		};
		1D139A491D45118B0006AB2E /* Favorite Movies */ = {
			isa = PBXGroup;
			children = (
				1D139A611D45125E0006AB2E /* Model */,
				1D139A5F1D4512430006AB2E /* View */,
				1D139A601D45124C0006AB2E /* Controller */,
				1D139A4A1D45118B0006AB2E /* AppDelegate.swift */,
				1D139A541D45118B0006AB2E /* Assets.xcassets */,
				1D139A591D45118B0006AB2E /* Info.plist */,
				1D139A511D45118B0006AB2E /* Favorite_Movies.xcdatamodeld */,
			);
			path = "Favorite Movies";
			sourceTree = "<group>";
		};
		1D139A5F1D4512430006AB2E /* View */ = {
			isa = PBXGroup;
			children = (
				1D139A4E1D45118B0006AB2E /* Main.storyboard */,
				1D62197E1D56181C0022A2BA /* MyMovieIV.swift */,
				1D139A661D45135C0006AB2E /* myMovieCell.swift */,
				1D139A561D45118B0006AB2E /* LaunchScreen.storyboard */,
				1DC1F8EA1D4561EC0061FAE8 /* GreyButton.swift */,
				1DEB154D1D58F7A900C9C025 /* MovieTextField.swift */,
			);
			name = View;
			sourceTree = "<group>";
		};
		1D139A601D45124C0006AB2E /* Controller */ = {
			isa = PBXGroup;
			children = (
				1D59AC761D4E804300AD1CEB /* MyWebVC.swift */,
				1DB273AF1D47AC55006A1E6C /* DetailedMovieDescVC.swift */,
				1D34AFC61D47DB5500153B40 /* AddMovieVC.swift */,
				1D139A4C1D45118B0006AB2E /* ViewController.swift */,
			);
			name = Controller;
			sourceTree = "<group>";
		};
		1D139A611D45125E0006AB2E /* Model */ = {
			isa = PBXGroup;
			children = (
				1D139A6A1D4514A00006AB2E /* Movie+CoreDataProperties.swift */,
				1D139A631D45131B0006AB2E /* Movie.swift */,
			);
			name = Model;
			sourceTree = "<group>";
		};
/* End PBXGroup section */

/* Begin PBXNativeTarget section */
		1D139A461D45118B0006AB2E /* Favorite Movies */ = {
			isa = PBXNativeTarget;
			buildConfigurationList = 1D139A5C1D45118B0006AB2E /* Build configuration list for PBXNativeTarget "Favorite Movies" */;
			buildPhases = (
				1D139A431D45118B0006AB2E /* Sources */,
				1D139A441D45118B0006AB2E /* Frameworks */,
				1D139A451D45118B0006AB2E /* Resources */,
			);
			buildRules = (
			);
			dependencies = (
			);
			name = "Favorite Movies";
			productName = "Favorite Movies";
			productReference = 1D139A471D45118B0006AB2E /* Favorite Movies.app */;
			productType = "com.apple.product-type.application";
		};
/* End PBXNativeTarget section */

/* Begin PBXProject section */
		1D139A3F1D45118B0006AB2E /* Project object */ = {
			isa = PBXProject;
			attributes = {
				LastSwiftUpdateCheck = 0730;
				LastUpgradeCheck = 0730;
				ORGANIZATIONNAME = "Tobias Gozzi";
				TargetAttributes = {
					1D139A461D45118B0006AB2E = {
						CreatedOnToolsVersion = 7.3.1;
					};
				};
			};
			buildConfigurationList = 1D139A421D45118B0006AB2E /* Build configuration list for PBXProject "Favorite Movies" */;
			compatibilityVersion = "Xcode 3.2";
			developmentRegion = English;
			hasScannedForEncodings = 0;
			knownRegions = (
				en,
				Base,
			);
			mainGroup = 1D139A3E1D45118B0006AB2E;
			productRefGroup = 1D139A481D45118B0006AB2E /* Products */;
			projectDirPath = "";
			projectRoot = "";
			targets = (
				1D139A461D45118B0006AB2E /* Favorite Movies */,
			);
		};
/* End PBXProject section */

/* Begin PBXResourcesBuildPhase section */
		1D139A451D45118B0006AB2E /* Resources */ = {
			isa = PBXResourcesBuildPhase;
			buildActionMask = 2147483647;
			files = (
				1D139A581D45118B0006AB2E /* LaunchScreen.storyboard in Resources */,
				1D139A551D45118B0006AB2E /* Assets.xcassets in Resources */,
				1D139A501D45118B0006AB2E /* Main.storyboard in Resources */,
			);
			runOnlyForDeploymentPostprocessing = 0;
		};
/* End PBXResourcesBuildPhase section */

/* Begin PBXSourcesBuildPhase section */
		1D139A431D45118B0006AB2E /* Sources */ = {
			isa = PBXSourcesBuildPhase;
			buildActionMask = 2147483647;
			files = (
				1DEB154E1D58F7A900C9C025 /* MovieTextField.swift in Sources */,
				1DB273B01D47AC55006A1E6C /* DetailedMovieDescVC.swift in Sources */,
				1D139A531D45118B0006AB2E /* Favorite_Movies.xcdatamodeld in Sources */,
				1D139A4D1D45118B0006AB2E /* ViewController.swift in Sources */,
				1D59AC771D4E804300AD1CEB /* MyWebVC.swift in Sources */,
				1DC1F8EB1D4561EC0061FAE8 /* GreyButton.swift in Sources */,
				1D139A4B1D45118B0006AB2E /* AppDelegate.swift in Sources */,
				1D139A671D45135C0006AB2E /* myMovieCell.swift in Sources */,
				1D139A6B1D4514A00006AB2E /* Movie+CoreDataProperties.swift in Sources */,
				1D139A651D45131B0006AB2E /* Movie.swift in Sources */,
				1D34AFC71D47DB5500153B40 /* AddMovieVC.swift in Sources */,
				1D62197F1D56181C0022A2BA /* MyMovieIV.swift in Sources */,
			);
			runOnlyForDeploymentPostprocessing = 0;
		};
/* End PBXSourcesBuildPhase section */

/* Begin PBXVariantGroup section */
		1D139A4E1D45118B0006AB2E /* Main.storyboard */ = {
			isa = PBXVariantGroup;
			children = (
				1D139A4F1D45118B0006AB2E /* Base */,
			);
			name = Main.storyboard;
			sourceTree = "<group>";
		};
		1D139A561D45118B0006AB2E /* LaunchScreen.storyboard */ = {
			isa = PBXVariantGroup;
			children = (
				1D139A571D45118B0006AB2E /* Base */,
			);
			name = LaunchScreen.storyboard;
			sourceTree = "<group>";
		};
/* End PBXVariantGroup section */

/* Begin XCBuildConfiguration section */
		1D139A5A1D45118B0006AB2E /* Debug */ = {
			isa = XCBuildConfiguration;
			buildSettings = {
				ALWAYS_SEARCH_USER_PATHS = NO;
				CLANG_ANALYZER_NONNULL = YES;
				CLANG_CXX_LANGUAGE_STANDARD = "gnu++0x";
				CLANG_CXX_LIBRARY = "libc++";
				CLANG_ENABLE_MODULES = YES;
				CLANG_ENABLE_OBJC_ARC = YES;
				CLANG_WARN_BOOL_CONVERSION = YES;
				CLANG_WARN_CONSTANT_CONVERSION = YES;
				CLANG_WARN_DIRECT_OBJC_ISA_USAGE = YES_ERROR;
				CLANG_WARN_EMPTY_BODY = YES;
				CLANG_WARN_ENUM_CONVERSION = YES;
				CLANG_WARN_INT_CONVERSION = YES;
				CLANG_WARN_OBJC_ROOT_CLASS = YES_ERROR;
				CLANG_WARN_UNREACHABLE_CODE = YES;
				CLANG_WARN__DUPLICATE_METHOD_MATCH = YES;
				"CODE_SIGN_IDENTITY[sdk=iphoneos*]" = "iPhone Developer";
				COPY_PHASE_STRIP = NO;
				DEBUG_INFORMATION_FORMAT = dwarf;
				ENABLE_STRICT_OBJC_MSGSEND = YES;
				ENABLE_TESTABILITY = YES;
				GCC_C_LANGUAGE_STANDARD = gnu99;
				GCC_DYNAMIC_NO_PIC = NO;
				GCC_NO_COMMON_BLOCKS = YES;
				GCC_OPTIMIZATION_LEVEL = 0;
				GCC_PREPROCESSOR_DEFINITIONS = (
					"DEBUG=1",
					"$(inherited)",
				);
				GCC_WARN_64_TO_32_BIT_CONVERSION = YES;
				GCC_WARN_ABOUT_RETURN_TYPE = YES_ERROR;
				GCC_WARN_UNDECLARED_SELECTOR = YES;
				GCC_WARN_UNINITIALIZED_AUTOS = YES_AGGRESSIVE;
				GCC_WARN_UNUSED_FUNCTION = YES;
				GCC_WARN_UNUSED_VARIABLE = YES;
				IPHONEOS_DEPLOYMENT_TARGET = 9.3;
				MTL_ENABLE_DEBUG_INFO = YES;
				ONLY_ACTIVE_ARCH = YES;
				SDKROOT = iphoneos;
				SWIFT_OPTIMIZATION_LEVEL = "-Onone";
				TARGETED_DEVICE_FAMILY = "1,2";
			};
			name = Debug;
		};
		1D139A5B1D45118B0006AB2E /* Release */ = {
			isa = XCBuildConfiguration;
			buildSettings = {
				ALWAYS_SEARCH_USER_PATHS = NO;
				CLANG_ANALYZER_NONNULL = YES;
				CLANG_CXX_LANGUAGE_STANDARD = "gnu++0x";
				CLANG_CXX_LIBRARY = "libc++";
				CLANG_ENABLE_MODULES = YES;
				CLANG_ENABLE_OBJC_ARC = YES;
				CLANG_WARN_BOOL_CONVERSION = YES;
				CLANG_WARN_CONSTANT_CONVERSION = YES;
				CLANG_WARN_DIRECT_OBJC_ISA_USAGE = YES_ERROR;
				CLANG_WARN_EMPTY_BODY = YES;
				CLANG_WARN_ENUM_CONVERSION = YES;
				CLANG_WARN_INT_CONVERSION = YES;
				CLANG_WARN_OBJC_ROOT_CLASS = YES_ERROR;
				CLANG_WARN_UNREACHABLE_CODE = YES;
				CLANG_WARN__DUPLICATE_METHOD_MATCH = YES;
				"CODE_SIGN_IDENTITY[sdk=iphoneos*]" = "iPhone Developer";
				COPY_PHASE_STRIP = NO;
				DEBUG_INFORMATION_FORMAT = "dwarf-with-dsym";
				ENABLE_NS_ASSERTIONS = NO;
				ENABLE_STRICT_OBJC_MSGSEND = YES;
				GCC_C_LANGUAGE_STANDARD = gnu99;
				GCC_NO_COMMON_BLOCKS = YES;
				GCC_WARN_64_TO_32_BIT_CONVERSION = YES;
				GCC_WARN_ABOUT_RETURN_TYPE = YES_ERROR;
				GCC_WARN_UNDECLARED_SELECTOR = YES;
				GCC_WARN_UNINITIALIZED_AUTOS = YES_AGGRESSIVE;
				GCC_WARN_UNUSED_FUNCTION = YES;
				GCC_WARN_UNUSED_VARIABLE = YES;
				IPHONEOS_DEPLOYMENT_TARGET = 9.3;
				MTL_ENABLE_DEBUG_INFO = NO;
				SDKROOT = iphoneos;
				TARGETED_DEVICE_FAMILY = "1,2";
				VALIDATE_PRODUCT = YES;
			};
			name = Release;
		};
		1D139A5D1D45118B0006AB2E /* Debug */ = {
			isa = XCBuildConfiguration;
			buildSettings = {
				ASSETCATALOG_COMPILER_APPICON_NAME = AppIcon;
				INFOPLIST_FILE = "Favorite Movies/Info.plist";
				LD_RUNPATH_SEARCH_PATHS = "$(inherited) @executable_path/Frameworks";
				PRODUCT_BUNDLE_IDENTIFIER = "com.tobiasgozzi.Favorite-Movies";
				PRODUCT_NAME = "$(TARGET_NAME)";
			};
			name = Debug;
		};
		1D139A5E1D45118B0006AB2E /* Release */ = {
			isa = XCBuildConfiguration;
			buildSettings = {
				ASSETCATALOG_COMPILER_APPICON_NAME = AppIcon;
				INFOPLIST_FILE = "Favorite Movies/Info.plist";
				LD_RUNPATH_SEARCH_PATHS = "$(inherited) @executable_path/Frameworks";
				PRODUCT_BUNDLE_IDENTIFIER = "com.tobiasgozzi.Favorite-Movies";
				PRODUCT_NAME = "$(TARGET_NAME)";
			};
			name = Release;
		};
/* End XCBuildConfiguration section */

/* Begin XCConfigurationList section */
		1D139A421D45118B0006AB2E /* Build configuration list for PBXProject "Favorite Movies" */ = {
			isa = XCConfigurationList;
			buildConfigurations = (
				1D139A5A1D45118B0006AB2E /* Debug */,
				1D139A5B1D45118B0006AB2E /* Release */,
			);
			defaultConfigurationIsVisible = 0;
			defaultConfigurationName = Release;
		};
		1D139A5C1D45118B0006AB2E /* Build configuration list for PBXNativeTarget "Favorite Movies" */ = {
			isa = XCConfigurationList;
			buildConfigurations = (
				1D139A5D1D45118B0006AB2E /* Debug */,
				1D139A5E1D45118B0006AB2E /* Release */,
			);
			defaultConfigurationIsVisible = 0;
			defaultConfigurationName = Release;
		};
/* End XCConfigurationList section */

/* Begin XCVersionGroup section */
		1D139A511D45118B0006AB2E /* Favorite_Movies.xcdatamodeld */ = {
			isa = XCVersionGroup;
			children = (
				1D139A521D45118B0006AB2E /* Favorite_Movies.xcdatamodel */,
			);
			currentVersion = 1D139A521D45118B0006AB2E /* Favorite_Movies.xcdatamodel */;
			path = Favorite_Movies.xcdatamodeld;
			sourceTree = "<group>";
			versionGroupType = wrapper.xcdatamodel;
		};
/* End XCVersionGroup section */
	};
	rootObject = 1D139A3F1D45118B0006AB2E /* Project object */;
}
